// !$*UTF8*$!
{
	archiveVersion = 1;
	classes = {
	};
	objectVersion = 56;
	objects = {

/* Begin PBXBuildFile section */
		DDBFD4A9295F73BB00E5B9E4 /* AppDelegate.swift in Sources */ = {isa = PBXBuildFile; fileRef = DDBFD4A8295F73BB00E5B9E4 /* AppDelegate.swift */; };
		DDBFD4AB295F73BB00E5B9E4 /* SceneDelegate.swift in Sources */ = {isa = PBXBuildFile; fileRef = DDBFD4AA295F73BB00E5B9E4 /* SceneDelegate.swift */; };
		DDBFD4AD295F73BB00E5B9E4 /* ViewController.swift in Sources */ = {isa = PBXBuildFile; fileRef = DDBFD4AC295F73BB00E5B9E4 /* ViewController.swift */; };
		DDBFD4B0295F73BB00E5B9E4 /* Main.storyboard in Resources */ = {isa = PBXBuildFile; fileRef = DDBFD4AE295F73BB00E5B9E4 /* Main.storyboard */; };
		DDBFD4B2295F73BB00E5B9E4 /* Assets.xcassets in Resources */ = {isa = PBXBuildFile; fileRef = DDBFD4B1295F73BB00E5B9E4 /* Assets.xcassets */; };
		DDBFD4B5295F73BB00E5B9E4 /* LaunchScreen.storyboard in Resources */ = {isa = PBXBuildFile; fileRef = DDBFD4B3295F73BB00E5B9E4 /* LaunchScreen.storyboard */; };
		DDBFD4BD295F7B4900E5B9E4 /* EditViewController.swift in Sources */ = {isa = PBXBuildFile; fileRef = DDBFD4BC295F7B4900E5B9E4 /* EditViewController.swift */; };
		DDBFD4C029608AD600E5B9E4 /* ProductCellTableViewCell.swift in Sources */ = {isa = PBXBuildFile; fileRef = DDBFD4BE29608AD600E5B9E4 /* ProductCellTableViewCell.swift */; };
		DDBFD4C129608AD600E5B9E4 /* ProductCellTableViewCell.xib in Resources */ = {isa = PBXBuildFile; fileRef = DDBFD4BF29608AD600E5B9E4 /* ProductCellTableViewCell.xib */; };
		DDBFD4C32962072300E5B9E4 /* Product.swift in Sources */ = {isa = PBXBuildFile; fileRef = DDBFD4C22962072300E5B9E4 /* Product.swift */; };
/* End PBXBuildFile section */

/* Begin PBXFileReference section */
		DDBFD4A5295F73BB00E5B9E4 /* Week4Homework.app */ = {isa = PBXFileReference; explicitFileType = wrapper.application; includeInIndex = 0; path = Week4Homework.app; sourceTree = BUILT_PRODUCTS_DIR; };
		DDBFD4A8295F73BB00E5B9E4 /* AppDelegate.swift */ = {isa = PBXFileReference; lastKnownFileType = sourcecode.swift; path = AppDelegate.swift; sourceTree = "<group>"; };
		DDBFD4AA295F73BB00E5B9E4 /* SceneDelegate.swift */ = {isa = PBXFileReference; lastKnownFileType = sourcecode.swift; path = SceneDelegate.swift; sourceTree = "<group>"; };
		DDBFD4AC295F73BB00E5B9E4 /* ViewController.swift */ = {isa = PBXFileReference; lastKnownFileType = sourcecode.swift; path = ViewController.swift; sourceTree = "<group>"; };
		DDBFD4AF295F73BB00E5B9E4 /* Base */ = {isa = PBXFileReference; lastKnownFileType = file.storyboard; name = Base; path = Base.lproj/Main.storyboard; sourceTree = "<group>"; };
		DDBFD4B1295F73BB00E5B9E4 /* Assets.xcassets */ = {isa = PBXFileReference; lastKnownFileType = folder.assetcatalog; path = Assets.xcassets; sourceTree = "<group>"; };
		DDBFD4B4295F73BB00E5B9E4 /* Base */ = {isa = PBXFileReference; lastKnownFileType = file.storyboard; name = Base; path = Base.lproj/LaunchScreen.storyboard; sourceTree = "<group>"; };
		DDBFD4B6295F73BB00E5B9E4 /* Info.plist */ = {isa = PBXFileReference; lastKnownFileType = text.plist.xml; path = Info.plist; sourceTree = "<group>"; };
		DDBFD4BC295F7B4900E5B9E4 /* EditViewController.swift */ = {isa = PBXFileReference; lastKnownFileType = sourcecode.swift; path = EditViewController.swift; sourceTree = "<group>"; };
		DDBFD4BE29608AD600E5B9E4 /* ProductCellTableViewCell.swift */ = {isa = PBXFileReference; lastKnownFileType = sourcecode.swift; path = ProductCellTableViewCell.swift; sourceTree = "<group>"; };
		DDBFD4BF29608AD600E5B9E4 /* ProductCellTableViewCell.xib */ = {isa = PBXFileReference; lastKnownFileType = file.xib; path = ProductCellTableViewCell.xib; sourceTree = "<group>"; };
		DDBFD4C22962072300E5B9E4 /* Product.swift */ = {isa = PBXFileReference; lastKnownFileType = sourcecode.swift; path = Product.swift; sourceTree = "<group>"; };
/* End PBXFileReference section */

/* Begin PBXFrameworksBuildPhase section */
		DDBFD4A2295F73BB00E5B9E4 /* Frameworks */ = {
			isa = PBXFrameworksBuildPhase;
			buildActionMask = 2147483647;
			files = (
			);
			runOnlyForDeploymentPostprocessing = 0;
		};
/* End PBXFrameworksBuildPhase section */

/* Begin PBXGroup section */
		DDBFD49C295F73BB00E5B9E4 = {
			isa = PBXGroup;
			children = (
				DDBFD4A7295F73BB00E5B9E4 /* Week4Homework */,
				DDBFD4A6295F73BB00E5B9E4 /* Products */,
			);
			sourceTree = "<group>";
		};
		DDBFD4A6295F73BB00E5B9E4 /* Products */ = {
			isa = PBXGroup;
			children = (
				DDBFD4A5295F73BB00E5B9E4 /* Week4Homework.app */,
			);
			name = Products;
			sourceTree = "<group>";
		};
		DDBFD4A7295F73BB00E5B9E4 /* Week4Homework */ = {
			isa = PBXGroup;
			children = (
				DDBFD4C22962072300E5B9E4 /* Product.swift */,
				DDBFD4A8295F73BB00E5B9E4 /* AppDelegate.swift */,
				DDBFD4AA295F73BB00E5B9E4 /* SceneDelegate.swift */,
				DDBFD4AC295F73BB00E5B9E4 /* ViewController.swift */,
				DDBFD4AE295F73BB00E5B9E4 /* Main.storyboard */,
				DDBFD4B1295F73BB00E5B9E4 /* Assets.xcassets */,
				DDBFD4B3295F73BB00E5B9E4 /* LaunchScreen.storyboard */,
				DDBFD4B6295F73BB00E5B9E4 /* Info.plist */,
				DDBFD4BC295F7B4900E5B9E4 /* EditViewController.swift */,
				DDBFD4BE29608AD600E5B9E4 /* ProductCellTableViewCell.swift */,
				DDBFD4BF29608AD600E5B9E4 /* ProductCellTableViewCell.xib */,
			);
			path = Week4Homework;
			sourceTree = "<group>";
		};
/* End PBXGroup section */

/* Begin PBXNativeTarget section */
		DDBFD4A4295F73BB00E5B9E4 /* Week4Homework */ = {
			isa = PBXNativeTarget;
			buildConfigurationList = DDBFD4B9295F73BB00E5B9E4 /* Build configuration list for PBXNativeTarget "Week4Homework" */;
			buildPhases = (
				DDBFD4A1295F73BB00E5B9E4 /* Sources */,
				DDBFD4A2295F73BB00E5B9E4 /* Frameworks */,
				DDBFD4A3295F73BB00E5B9E4 /* Resources */,
			);
			buildRules = (
			);
			dependencies = (
			);
			name = Week4Homework;
			productName = Week4Homework;
			productReference = DDBFD4A5295F73BB00E5B9E4 /* Week4Homework.app */;
			productType = "com.apple.product-type.application";
		};
/* End PBXNativeTarget section */

/* Begin PBXProject section */
		DDBFD49D295F73BB00E5B9E4 /* Project object */ = {
			isa = PBXProject;
			attributes = {
				BuildIndependentTargetsInParallel = 1;
				LastSwiftUpdateCheck = 1420;
				LastUpgradeCheck = 1420;
				TargetAttributes = {
					DDBFD4A4295F73BB00E5B9E4 = {
						CreatedOnToolsVersion = 14.2;
					};
				};
			};
			buildConfigurationList = DDBFD4A0295F73BB00E5B9E4 /* Build configuration list for PBXProject "Week4Homework" */;
			compatibilityVersion = "Xcode 14.0";
			developmentRegion = en;
			hasScannedForEncodings = 0;
			knownRegions = (
				en,
				Base,
			);
			mainGroup = DDBFD49C295F73BB00E5B9E4;
			productRefGroup = DDBFD4A6295F73BB00E5B9E4 /* Products */;
			projectDirPath = "";
			projectRoot = "";
			targets = (
				DDBFD4A4295F73BB00E5B9E4 /* Week4Homework */,
			);
		};
/* End PBXProject section */

/* Begin PBXResourcesBuildPhase section */
		DDBFD4A3295F73BB00E5B9E4 /* Resources */ = {
			isa = PBXResourcesBuildPhase;
			buildActionMask = 2147483647;
			files = (
				DDBFD4B5295F73BB00E5B9E4 /* LaunchScreen.storyboard in Resources */,
				DDBFD4C129608AD600E5B9E4 /* ProductCellTableViewCell.xib in Resources */,
				DDBFD4B2295F73BB00E5B9E4 /* Assets.xcassets in Resources */,
				DDBFD4B0295F73BB00E5B9E4 /* Main.storyboard in Resources */,
			);
			runOnlyForDeploymentPostprocessing = 0;
		};
/* End PBXResourcesBuildPhase section */

/* Begin PBXSourcesBuildPhase section */
		DDBFD4A1295F73BB00E5B9E4 /* Sources */ = {
			isa = PBXSourcesBuildPhase;
			buildActionMask = 2147483647;
			files = (
				DDBFD4BD295F7B4900E5B9E4 /* EditViewController.swift in Sources */,
				DDBFD4AD295F73BB00E5B9E4 /* ViewController.swift in Sources */,
				DDBFD4C029608AD600E5B9E4 /* ProductCellTableViewCell.swift in Sources */,
				DDBFD4A9295F73BB00E5B9E4 /* AppDelegate.swift in Sources */,
				DDBFD4AB295F73BB00E5B9E4 /* SceneDelegate.swift in Sources */,
				DDBFD4C32962072300E5B9E4 /* Product.swift in Sources */,
			);
			runOnlyForDeploymentPostprocessing = 0;
		};
/* End PBXSourcesBuildPhase section */

/* Begin PBXVariantGroup section */
		DDBFD4AE295F73BB00E5B9E4 /* Main.storyboard */ = {
			isa = PBXVariantGroup;
			children = (
				DDBFD4AF295F73BB00E5B9E4 /* Base */,
			);
			name = Main.storyboard;
			sourceTree = "<group>";
		};
		DDBFD4B3295F73BB00E5B9E4 /* LaunchScreen.storyboard */ = {
			isa = PBXVariantGroup;
			children = (
				DDBFD4B4295F73BB00E5B9E4 /* Base */,
			);
			name = LaunchScreen.storyboard;
			sourceTree = "<group>";
		};
/* End PBXVariantGroup section */

/* Begin XCBuildConfiguration section */
		DDBFD4B7295F73BB00E5B9E4 /* Debug */ = {
			isa = XCBuildConfiguration;
			buildSettings = {
				ALWAYS_SEARCH_USER_PATHS = NO;
				CLANG_ANALYZER_NONNULL = YES;
				CLANG_ANALYZER_NUMBER_OBJECT_CONVERSION = YES_AGGRESSIVE;
				CLANG_CXX_LANGUAGE_STANDARD = "gnu++20";
				CLANG_ENABLE_MODULES = YES;
				CLANG_ENABLE_OBJC_ARC = YES;
				CLANG_ENABLE_OBJC_WEAK = YES;
				CLANG_WARN_BLOCK_CAPTURE_AUTORELEASING = YES;
				CLANG_WARN_BOOL_CONVERSION = YES;
				CLANG_WARN_COMMA = YES;
				CLANG_WARN_CONSTANT_CONVERSION = YES;
				CLANG_WARN_DEPRECATED_OBJC_IMPLEMENTATIONS = YES;
				CLANG_WARN_DIRECT_OBJC_ISA_USAGE = YES_ERROR;
				CLANG_WARN_DOCUMENTATION_COMMENTS = YES;
				CLANG_WARN_EMPTY_BODY = YES;
				CLANG_WARN_ENUM_CONVERSION = YES;
				CLANG_WARN_INFINITE_RECURSION = YES;
				CLANG_WARN_INT_CONVERSION = YES;
				CLANG_WARN_NON_LITERAL_NULL_CONVERSION = YES;
				CLANG_WARN_OBJC_IMPLICIT_RETAIN_SELF = YES;
				CLANG_WARN_OBJC_LITERAL_CONVERSION = YES;
				CLANG_WARN_OBJC_ROOT_CLASS = YES_ERROR;
				CLANG_WARN_QUOTED_INCLUDE_IN_FRAMEWORK_HEADER = YES;
				CLANG_WARN_RANGE_LOOP_ANALYSIS = YES;
				CLANG_WARN_STRICT_PROTOTYPES = YES;
				CLANG_WARN_SUSPICIOUS_MOVE = YES;
				CLANG_WARN_UNGUARDED_AVAILABILITY = YES_AGGRESSIVE;
				CLANG_WARN_UNREACHABLE_CODE = YES;
				CLANG_WARN__DUPLICATE_METHOD_MATCH = YES;
				COPY_PHASE_STRIP = NO;
				DEBUG_INFORMATION_FORMAT = dwarf;
				ENABLE_STRICT_OBJC_MSGSEND = YES;
				ENABLE_TESTABILITY = YES;
				GCC_C_LANGUAGE_STANDARD = gnu11;
				GCC_DYNAMIC_NO_PIC = NO;
				GCC_NO_COMMON_BLOCKS = YES;
				GCC_OPTIMIZATION_LEVEL = 0;
				GCC_PREPROCESSOR_DEFINITIONS = (
					"DEBUG=1",
					"$(inherited)",
				);
				GCC_WARN_64_TO_32_BIT_CONVERSION = YES;
				GCC_WARN_ABOUT_RETURN_TYPE = YES_ERROR;
				GCC_WARN_UNDECLARED_SELECTOR = YES;
				GCC_WARN_UNINITIALIZED_AUTOS = YES_AGGRESSIVE;
				GCC_WARN_UNUSED_FUNCTION = YES;
				GCC_WARN_UNUSED_VARIABLE = YES;
				IPHONEOS_DEPLOYMENT_TARGET = 16.2;
				MTL_ENABLE_DEBUG_INFO = INCLUDE_SOURCE;
				MTL_FAST_MATH = YES;
				ONLY_ACTIVE_ARCH = YES;
				SDKROOT = iphoneos;
				SWIFT_ACTIVE_COMPILATION_CONDITIONS = DEBUG;
				SWIFT_OPTIMIZATION_LEVEL = "-Onone";
			};
			name = Debug;
		};
		DDBFD4B8295F73BB00E5B9E4 /* Release */ = {
			isa = XCBuildConfiguration;
			buildSettings = {
				ALWAYS_SEARCH_USER_PATHS = NO;
				CLANG_ANALYZER_NONNULL = YES;
				CLANG_ANALYZER_NUMBER_OBJECT_CONVERSION = YES_AGGRESSIVE;
				CLANG_CXX_LANGUAGE_STANDARD = "gnu++20";
				CLANG_ENABLE_MODULES = YES;
				CLANG_ENABLE_OBJC_ARC = YES;
				CLANG_ENABLE_OBJC_WEAK = YES;
				CLANG_WARN_BLOCK_CAPTURE_AUTORELEASING = YES;
				CLANG_WARN_BOOL_CONVERSION = YES;
				CLANG_WARN_COMMA = YES;
				CLANG_WARN_CONSTANT_CONVERSION = YES;
				CLANG_WARN_DEPRECATED_OBJC_IMPLEMENTATIONS = YES;
				CLANG_WARN_DIRECT_OBJC_ISA_USAGE = YES_ERROR;
				CLANG_WARN_DOCUMENTATION_COMMENTS = YES;
				CLANG_WARN_EMPTY_BODY = YES;
				CLANG_WARN_ENUM_CONVERSION = YES;
				CLANG_WARN_INFINITE_RECURSION = YES;
				CLANG_WARN_INT_CONVERSION = YES;
				CLANG_WARN_NON_LITERAL_NULL_CONVERSION = YES;
				CLANG_WARN_OBJC_IMPLICIT_RETAIN_SELF = YES;
				CLANG_WARN_OBJC_LITERAL_CONVERSION = YES;
				CLANG_WARN_OBJC_ROOT_CLASS = YES_ERROR;
				CLANG_WARN_QUOTED_INCLUDE_IN_FRAMEWORK_HEADER = YES;
				CLANG_WARN_RANGE_LOOP_ANALYSIS = YES;
				CLANG_WARN_STRICT_PROTOTYPES = YES;
				CLANG_WARN_SUSPICIOUS_MOVE = YES;
				CLANG_WARN_UNGUARDED_AVAILABILITY = YES_AGGRESSIVE;
				CLANG_WARN_UNREACHABLE_CODE = YES;
				CLANG_WARN__DUPLICATE_METHOD_MATCH = YES;
				COPY_PHASE_STRIP = NO;
				DEBUG_INFORMATION_FORMAT = "dwarf-with-dsym";
				ENABLE_NS_ASSERTIONS = NO;
				ENABLE_STRICT_OBJC_MSGSEND = YES;
				GCC_C_LANGUAGE_STANDARD = gnu11;
				GCC_NO_COMMON_BLOCKS = YES;
				GCC_WARN_64_TO_32_BIT_CONVERSION = YES;
				GCC_WARN_ABOUT_RETURN_TYPE = YES_ERROR;
				GCC_WARN_UNDECLARED_SELECTOR = YES;
				GCC_WARN_UNINITIALIZED_AUTOS = YES_AGGRESSIVE;
				GCC_WARN_UNUSED_FUNCTION = YES;
				GCC_WARN_UNUSED_VARIABLE = YES;
				IPHONEOS_DEPLOYMENT_TARGET = 16.2;
				MTL_ENABLE_DEBUG_INFO = NO;
				MTL_FAST_MATH = YES;
				SDKROOT = iphoneos;
				SWIFT_COMPILATION_MODE = wholemodule;
				SWIFT_OPTIMIZATION_LEVEL = "-O";
				VALIDATE_PRODUCT = YES;
			};
			name = Release;
		};
		DDBFD4BA295F73BB00E5B9E4 /* Debug */ = {
			isa = XCBuildConfiguration;
			buildSettings = {
				ASSETCATALOG_COMPILER_APPICON_NAME = AppIcon;
				ASSETCATALOG_COMPILER_GLOBAL_ACCENT_COLOR_NAME = AccentColor;
				CODE_SIGN_STYLE = Automatic;
				CURRENT_PROJECT_VERSION = 1;
				DEVELOPMENT_TEAM = J38T68J96U;
				GENERATE_INFOPLIST_FILE = YES;
				INFOPLIST_FILE = Week4Homework/Info.plist;
				INFOPLIST_KEY_UIApplicationSupportsIndirectInputEvents = YES;
				INFOPLIST_KEY_UILaunchStoryboardName = LaunchScreen;
				INFOPLIST_KEY_UIMainStoryboardFile = Main;
				INFOPLIST_KEY_UISupportedInterfaceOrientations_iPad = "UIInterfaceOrientationPortrait UIInterfaceOrientationPortraitUpsideDown UIInterfaceOrientationLandscapeLeft UIInterfaceOrientationLandscapeRight";
				INFOPLIST_KEY_UISupportedInterfaceOrientations_iPhone = "UIInterfaceOrientationPortrait UIInterfaceOrientationLandscapeLeft UIInterfaceOrientationLandscapeRight";
				IPHONEOS_DEPLOYMENT_TARGET = 13.0;
				LD_RUNPATH_SEARCH_PATHS = (
					"$(inherited)",
					"@executable_path/Frameworks",
				);
				MARKETING_VERSION = 1.0;
				PRODUCT_BUNDLE_IDENTIFIER = com.aliberkayberber.Week4Homework;
				PRODUCT_NAME = "$(TARGET_NAME)";
				SWIFT_EMIT_LOC_STRINGS = YES;
				SWIFT_VERSION = 5.0;
				TARGETED_DEVICE_FAMILY = "1,2";
			};
			name = Debug;
		};
		DDBFD4BB295F73BB00E5B9E4 /* Release */ = {
			isa = XCBuildConfiguration;
			buildSettings = {
				ASSETCATALOG_COMPILER_APPICON_NAME = AppIcon;
				ASSETCATALOG_COMPILER_GLOBAL_ACCENT_COLOR_NAME = AccentColor;
				CODE_SIGN_STYLE = Automatic;
				CURRENT_PROJECT_VERSION = 1;
				DEVELOPMENT_TEAM = J38T68J96U;
				GENERATE_INFOPLIST_FILE = YES;
				INFOPLIST_FILE = Week4Homework/Info.plist;
				INFOPLIST_KEY_UIApplicationSupportsIndirectInputEvents = YES;
				INFOPLIST_KEY_UILaunchStoryboardName = LaunchScreen;
				INFOPLIST_KEY_UIMainStoryboardFile = Main;
				INFOPLIST_KEY_UISupportedInterfaceOrientations_iPad = "UIInterfaceOrientationPortrait UIInterfaceOrientationPortraitUpsideDown UIInterfaceOrientationLandscapeLeft UIInterfaceOrientationLandscapeRight";
				INFOPLIST_KEY_UISupportedInterfaceOrientations_iPhone = "UIInterfaceOrientationPortrait UIInterfaceOrientationLandscapeLeft UIInterfaceOrientationLandscapeRight";
				IPHONEOS_DEPLOYMENT_TARGET = 13.0;
				LD_RUNPATH_SEARCH_PATHS = (
					"$(inherited)",
					"@executable_path/Frameworks",
				);
				MARKETING_VERSION = 1.0;
				PRODUCT_BUNDLE_IDENTIFIER = com.aliberkayberber.Week4Homework;
				PRODUCT_NAME = "$(TARGET_NAME)";
				SWIFT_EMIT_LOC_STRINGS = YES;
				SWIFT_VERSION = 5.0;
				TARGETED_DEVICE_FAMILY = "1,2";
			};
			name = Release;
		};
/* End XCBuildConfiguration section */

/* Begin XCConfigurationList section */
		DDBFD4A0295F73BB00E5B9E4 /* Build configuration list for PBXProject "Week4Homework" */ = {
			isa = XCConfigurationList;
			buildConfigurations = (
				DDBFD4B7295F73BB00E5B9E4 /* Debug */,
				DDBFD4B8295F73BB00E5B9E4 /* Release */,
			);
			defaultConfigurationIsVisible = 0;
			defaultConfigurationName = Release;
		};
		DDBFD4B9295F73BB00E5B9E4 /* Build configuration list for PBXNativeTarget "Week4Homework" */ = {
			isa = XCConfigurationList;
			buildConfigurations = (
				DDBFD4BA295F73BB00E5B9E4 /* Debug */,
				DDBFD4BB295F73BB00E5B9E4 /* Release */,
			);
			defaultConfigurationIsVisible = 0;
			defaultConfigurationName = Release;
		};
/* End XCConfigurationList section */
	};
	rootObject = DDBFD49D295F73BB00E5B9E4 /* Project object */;
}
